# This file is autogenerated, do not edit; changes may be undone by the next 'dep ensure'.


[[projects]]
  branch = "master"
  name = "github.com/hakupoint/leancloud-golang"
  packages = ["."]
  revision = "d49f0d8f7d2665e5a97d7ffc7a0c5e17243b7448"

[solve-meta]
  analyzer-name = "dep"
  analyzer-version = 1
  inputs-digest = "55728fe2857cb4e2ae3b49525a1045a4698640511a35e72156a025ad13816c0a"
  solver-name = "gps-cdcl"
  solver-version = 1
